
Microsoft Visual Studio Solution File, Format Version 12.00
# Visual Studio Version 17
VisualStudioVersion = 17.5.002.0
MinimumVisualStudioVersion = 10.0.40219.1
Project("{9A19103F-16F7-4668-BE54-9A1E7A4F7556}") = "nest", "nest\nest.csproj", "{8E2C3E82-25C3-49CD-9C38-AC7E260DD869}"
EndProject
Global
	GlobalSection(SolutionConfigurationPlatforms) = preSolution
		Debug|Any CPU = Debug|Any CPU
		Release|Any CPU = Release|Any CPU
	EndGlobalSection
	GlobalSection(ProjectConfigurationPlatforms) = postSolution
		{8E2C3E82-25C3-49CD-9C38-AC7E260DD869}.Debug|Any CPU.ActiveCfg = Debug|Any CPU
		{8E2C3E82-25C3-49CD-9C38-AC7E260DD869}.Debug|Any CPU.Build.0 = Debug|Any CPU
		{8E2C3E82-25C3-49CD-9C38-AC7E260DD869}.Release|Any CPU.ActiveCfg = Release|Any CPU
		{8E2C3E82-25C3-49CD-9C38-AC7E260DD869}.Release|Any CPU.Build.0 = Release|Any CPU
	EndGlobalSection
	GlobalSection(SolutionProperties) = preSolution
		HideSolutionNode = FALSE
	EndGlobalSection
	GlobalSection(ExtensibilityGlobals) = postSolution
		SolutionGuid = {2597505F-3286-4E35-9DC6-D063384404D3}
	EndGlobalSection
EndGlobal
